
Microsoft Visual Studio Solution File, Format Version 12.00
# Visual Studio 15
Project("{2150E333-8FDC-42A3-9474-1A3956D46DE8}") = "Solution Items", "Solution Items", "{488473AD-E04A-4532-9255-0E7B90C08CCF}"
	ProjectSection(SolutionItems) = preProject
		README.md = README.md
		.circleci\config.yml = .circleci\config.yml
		.gitignore = .gitignore
	EndProjectSection
EndProject
Project("{FAE04EC0-301F-11D3-BF4B-00C04F79EFBC}") = "FeedMeApi.Tests", "FeedMeApi.Tests\FeedMeApi.Tests.csproj", "{3C263F94-E530-48D1-BA5C-2154CE697E4C}"
EndProject
Project("{FAE04EC0-301F-11D3-BF4B-00C04F79EFBC}") = "FeedMeApi", "FeedMeApi\FeedMeApi.csproj", "{CDBA0FE6-5B89-447C-A54F-20CAE4230D46}"
EndProject
Global
	GlobalSection(SolutionConfigurationPlatforms) = preSolution
		Debug|anycpu = Debug|anycpu
		Release|anycpu = Release|anycpu
	EndGlobalSection
	GlobalSection(ProjectConfigurationPlatforms) = postSolution
		{3C263F94-E530-48D1-BA5C-2154CE697E4C}.Debug|anycpu.ActiveCfg = Debug|Any CPU
		{3C263F94-E530-48D1-BA5C-2154CE697E4C}.Debug|anycpu.Build.0 = Debug|Any CPU
		{3C263F94-E530-48D1-BA5C-2154CE697E4C}.Release|anycpu.ActiveCfg = Release|Any CPU
		{3C263F94-E530-48D1-BA5C-2154CE697E4C}.Release|anycpu.Build.0 = Release|Any CPU
		{CDBA0FE6-5B89-447C-A54F-20CAE4230D46}.Debug|anycpu.ActiveCfg = Debug|Any CPU
		{CDBA0FE6-5B89-447C-A54F-20CAE4230D46}.Debug|anycpu.Build.0 = Debug|Any CPU
		{CDBA0FE6-5B89-447C-A54F-20CAE4230D46}.Release|anycpu.ActiveCfg = Release|Any CPU
		{CDBA0FE6-5B89-447C-A54F-20CAE4230D46}.Release|anycpu.Build.0 = Release|Any CPU
	EndGlobalSection
EndGlobal
